
Microsoft Visual Studio Solution File, Format Version 12.00
# Visual Studio Version 17
VisualStudioVersion = 17.11.35201.85
MinimumVisualStudioVersion = 10.0.40219.1
Project("{FAE04EC0-301F-11D3-BF4B-00C04F79EFBC}") = "NoWaterElectricity", "NoWaterElectricity.csproj", "{C5818810-8CF6-423F-8FC2-F62399E55815}"
EndProject
Global
	GlobalSection(SolutionConfigurationPlatforms) = preSolution
		Debug|Any CPU = Debug|Any CPU
		Release|Any CPU = Release|Any CPU
	EndGlobalSection
	GlobalSection(ProjectConfigurationPlatforms) = postSolution
		{C5818810-8CF6-423F-8FC2-F62399E55815}.Debug|Any CPU.ActiveCfg = Debug|Any CPU
		{C5818810-8CF6-423F-8FC2-F62399E55815}.Debug|Any CPU.Build.0 = Debug|Any CPU
		{C5818810-8CF6-423F-8FC2-F62399E55815}.Release|Any CPU.ActiveCfg = Release|Any CPU
		{C5818810-8CF6-423F-8FC2-F62399E55815}.Release|Any CPU.Build.0 = Release|Any CPU
	EndGlobalSection
	GlobalSection(SolutionProperties) = preSolution
		HideSolutionNode = FALSE
	EndGlobalSection
	GlobalSection(ExtensibilityGlobals) = postSolution
		SolutionGuid = {F4F95CAF-615B-4F15-9668-A840F78E5021}
	EndGlobalSection
EndGlobal
